
Microsoft Visual Studio Solution File, Format Version 12.00
# Visual Studio Version 17
VisualStudioVersion = 17.0.32002.185
MinimumVisualStudioVersion = 10.0.40219.1
Project("{9A19103F-16F7-4668-BE54-9A1E7A4F7556}") = "CoreConsoleApp", "CoreConsoleApp\CoreConsoleApp.csproj", "{B823A510-FA03-48F5-9269-EC29D196AB3F}"
EndProject
Project("{FAE04EC0-301F-11D3-BF4B-00C04F79EFBC}") = "WindowsFormsApp", "WindowsFormsApp\WindowsFormsApp.csproj", "{0B23A3F0-AAA0-47F1-93A6-CB9DB61CE2FF}"
EndProject
Project("{9A19103F-16F7-4668-BE54-9A1E7A4F7556}") = "MultitargetingClassLibrary", "MultitargetingClassLibrary\MultitargetingClassLibrary.csproj", "{54BE22D2-D172-410E-8DCB-9AF4D9445880}"
EndProject
Project("{FAE04EC0-301F-11D3-BF4B-00C04F79EFBC}") = "FileSystemVisitor", "FileSystemVisitor\FileSystemVisitor.csproj", "{84B448E1-1078-4038-885B-0766F3643AAF}"
EndProject
Global
	GlobalSection(SolutionConfigurationPlatforms) = preSolution
		Debug|Any CPU = Debug|Any CPU
		Release|Any CPU = Release|Any CPU
	EndGlobalSection
	GlobalSection(ProjectConfigurationPlatforms) = postSolution
		{B823A510-FA03-48F5-9269-EC29D196AB3F}.Debug|Any CPU.ActiveCfg = Debug|Any CPU
		{B823A510-FA03-48F5-9269-EC29D196AB3F}.Debug|Any CPU.Build.0 = Debug|Any CPU
		{B823A510-FA03-48F5-9269-EC29D196AB3F}.Release|Any CPU.ActiveCfg = Release|Any CPU
		{B823A510-FA03-48F5-9269-EC29D196AB3F}.Release|Any CPU.Build.0 = Release|Any CPU
		{0B23A3F0-AAA0-47F1-93A6-CB9DB61CE2FF}.Debug|Any CPU.ActiveCfg = Debug|Any CPU
		{0B23A3F0-AAA0-47F1-93A6-CB9DB61CE2FF}.Debug|Any CPU.Build.0 = Debug|Any CPU
		{0B23A3F0-AAA0-47F1-93A6-CB9DB61CE2FF}.Release|Any CPU.ActiveCfg = Release|Any CPU
		{0B23A3F0-AAA0-47F1-93A6-CB9DB61CE2FF}.Release|Any CPU.Build.0 = Release|Any CPU
		{54BE22D2-D172-410E-8DCB-9AF4D9445880}.Debug|Any CPU.ActiveCfg = Debug|Any CPU
		{54BE22D2-D172-410E-8DCB-9AF4D9445880}.Debug|Any CPU.Build.0 = Debug|Any CPU
		{54BE22D2-D172-410E-8DCB-9AF4D9445880}.Release|Any CPU.ActiveCfg = Release|Any CPU
		{54BE22D2-D172-410E-8DCB-9AF4D9445880}.Release|Any CPU.Build.0 = Release|Any CPU
		{84B448E1-1078-4038-885B-0766F3643AAF}.Debug|Any CPU.ActiveCfg = Debug|Any CPU
		{84B448E1-1078-4038-885B-0766F3643AAF}.Debug|Any CPU.Build.0 = Debug|Any CPU
		{84B448E1-1078-4038-885B-0766F3643AAF}.Release|Any CPU.ActiveCfg = Release|Any CPU
		{84B448E1-1078-4038-885B-0766F3643AAF}.Release|Any CPU.Build.0 = Release|Any CPU
	EndGlobalSection
	GlobalSection(SolutionProperties) = preSolution
		HideSolutionNode = FALSE
	EndGlobalSection
	GlobalSection(ExtensibilityGlobals) = postSolution
		SolutionGuid = {A91CF4E9-7F8C-43B4-BB0C-E85D30118CD1}
	EndGlobalSection
EndGlobal
